
Microsoft Visual Studio Solution File, Format Version 12.00
# Visual Studio Version 17
VisualStudioVersion = 17.8.34330.188
MinimumVisualStudioVersion = 10.0.40219.1
Project("{9A19103F-16F7-4668-BE54-9A1E7A4F7556}") = "RentEaseLibrary", "RentEaseLibrary\RentEaseLibrary.csproj", "{8F7EDADA-3E08-43C5-A1EB-1785467E731A}"
EndProject
Project("{9A19103F-16F7-4668-BE54-9A1E7A4F7556}") = "PropertyRentingApi", "PropertyRentingApi\PropertyRentingApi.csproj", "{37D81F0B-98E9-4255-8257-43D386E06534}"
EndProject
Project("{2150E333-8FDC-42A3-9474-1A3956D46DE8}") = "TestCases", "TestCases", "{0C3AC57D-88C7-4359-8C8E-E155D5DF6610}"
EndProject
Project("{FAE04EC0-301F-11D3-BF4B-00C04F79EFBC}") = "UserTestCase", "UserTestCase\UserTestCase.csproj", "{603920E2-AA87-47A6-B6B0-36A3144D071A}"
EndProject
Project("{FAE04EC0-301F-11D3-BF4B-00C04F79EFBC}") = "BookingTestCase", "BookingTestCase\BookingTestCase.csproj", "{63E5175A-8F19-4011-86CC-87CDC9B00365}"
EndProject
Project("{FAE04EC0-301F-11D3-BF4B-00C04F79EFBC}") = "RentPropertyTest", "RentPropertyTest\RentPropertyTest.csproj", "{499E5FAE-9E61-4D63-B425-A35E1EDFEFC1}"
EndProject
Project("{FAE04EC0-301F-11D3-BF4B-00C04F79EFBC}") = "FavoriteTestCase", "FavoriteTestCase\FavoriteTestCase.csproj", "{3558B7A6-EBA1-407E-9130-B76E2A055CEF}"
EndProject
Project("{FAE04EC0-301F-11D3-BF4B-00C04F79EFBC}") = "SearchHistoryTestCase", "SearchHistoryTestCase\SearchHistoryTestCase.csproj", "{1E88AAAE-BAAC-4507-85ED-9BBAFA5CB1AF}"
EndProject
Global
	GlobalSection(SolutionConfigurationPlatforms) = preSolution
		Debug|Any CPU = Debug|Any CPU
		Release|Any CPU = Release|Any CPU
	EndGlobalSection
	GlobalSection(ProjectConfigurationPlatforms) = postSolution
		{8F7EDADA-3E08-43C5-A1EB-1785467E731A}.Debug|Any CPU.ActiveCfg = Debug|Any CPU
		{8F7EDADA-3E08-43C5-A1EB-1785467E731A}.Debug|Any CPU.Build.0 = Debug|Any CPU
		{8F7EDADA-3E08-43C5-A1EB-1785467E731A}.Release|Any CPU.ActiveCfg = Release|Any CPU
		{8F7EDADA-3E08-43C5-A1EB-1785467E731A}.Release|Any CPU.Build.0 = Release|Any CPU
		{37D81F0B-98E9-4255-8257-43D386E06534}.Debug|Any CPU.ActiveCfg = Debug|Any CPU
		{37D81F0B-98E9-4255-8257-43D386E06534}.Debug|Any CPU.Build.0 = Debug|Any CPU
		{37D81F0B-98E9-4255-8257-43D386E06534}.Release|Any CPU.ActiveCfg = Release|Any CPU
		{37D81F0B-98E9-4255-8257-43D386E06534}.Release|Any CPU.Build.0 = Release|Any CPU
		{603920E2-AA87-47A6-B6B0-36A3144D071A}.Debug|Any CPU.ActiveCfg = Debug|Any CPU
		{603920E2-AA87-47A6-B6B0-36A3144D071A}.Debug|Any CPU.Build.0 = Debug|Any CPU
		{603920E2-AA87-47A6-B6B0-36A3144D071A}.Release|Any CPU.ActiveCfg = Release|Any CPU
		{603920E2-AA87-47A6-B6B0-36A3144D071A}.Release|Any CPU.Build.0 = Release|Any CPU
		{63E5175A-8F19-4011-86CC-87CDC9B00365}.Debug|Any CPU.ActiveCfg = Debug|Any CPU
		{63E5175A-8F19-4011-86CC-87CDC9B00365}.Debug|Any CPU.Build.0 = Debug|Any CPU
		{63E5175A-8F19-4011-86CC-87CDC9B00365}.Release|Any CPU.ActiveCfg = Release|Any CPU
		{63E5175A-8F19-4011-86CC-87CDC9B00365}.Release|Any CPU.Build.0 = Release|Any CPU
		{499E5FAE-9E61-4D63-B425-A35E1EDFEFC1}.Debug|Any CPU.ActiveCfg = Debug|Any CPU
		{499E5FAE-9E61-4D63-B425-A35E1EDFEFC1}.Debug|Any CPU.Build.0 = Debug|Any CPU
		{499E5FAE-9E61-4D63-B425-A35E1EDFEFC1}.Release|Any CPU.ActiveCfg = Release|Any CPU
		{499E5FAE-9E61-4D63-B425-A35E1EDFEFC1}.Release|Any CPU.Build.0 = Release|Any CPU
		{3558B7A6-EBA1-407E-9130-B76E2A055CEF}.Debug|Any CPU.ActiveCfg = Debug|Any CPU
		{3558B7A6-EBA1-407E-9130-B76E2A055CEF}.Debug|Any CPU.Build.0 = Debug|Any CPU
		{3558B7A6-EBA1-407E-9130-B76E2A055CEF}.Release|Any CPU.ActiveCfg = Release|Any CPU
		{3558B7A6-EBA1-407E-9130-B76E2A055CEF}.Release|Any CPU.Build.0 = Release|Any CPU
		{1E88AAAE-BAAC-4507-85ED-9BBAFA5CB1AF}.Debug|Any CPU.ActiveCfg = Debug|Any CPU
		{1E88AAAE-BAAC-4507-85ED-9BBAFA5CB1AF}.Debug|Any CPU.Build.0 = Debug|Any CPU
		{1E88AAAE-BAAC-4507-85ED-9BBAFA5CB1AF}.Release|Any CPU.ActiveCfg = Release|Any CPU
		{1E88AAAE-BAAC-4507-85ED-9BBAFA5CB1AF}.Release|Any CPU.Build.0 = Release|Any CPU
	EndGlobalSection
	GlobalSection(SolutionProperties) = preSolution
		HideSolutionNode = FALSE
	EndGlobalSection
	GlobalSection(NestedProjects) = preSolution
		{603920E2-AA87-47A6-B6B0-36A3144D071A} = {0C3AC57D-88C7-4359-8C8E-E155D5DF6610}
		{63E5175A-8F19-4011-86CC-87CDC9B00365} = {0C3AC57D-88C7-4359-8C8E-E155D5DF6610}
		{499E5FAE-9E61-4D63-B425-A35E1EDFEFC1} = {0C3AC57D-88C7-4359-8C8E-E155D5DF6610}
		{3558B7A6-EBA1-407E-9130-B76E2A055CEF} = {0C3AC57D-88C7-4359-8C8E-E155D5DF6610}
		{1E88AAAE-BAAC-4507-85ED-9BBAFA5CB1AF} = {0C3AC57D-88C7-4359-8C8E-E155D5DF6610}
	EndGlobalSection
	GlobalSection(ExtensibilityGlobals) = postSolution
		SolutionGuid = {F40F3C1B-3985-447A-9B8E-B2CA6D1C00EC}
	EndGlobalSection
EndGlobal
