
Microsoft Visual Studio Solution File, Format Version 12.00
# Visual Studio Version 17
VisualStudioVersion = 17.8.34330.188
MinimumVisualStudioVersion = 10.0.40219.1
Project("{FAE04EC0-301F-11D3-BF4B-00C04F79EFBC}") = "RentEaseLibrary", "RentEaseLibrary\RentEaseLibrary.csproj", "{8F7EDADA-3E08-43C5-A1EB-1785467E731A}"
EndProject
Global
	GlobalSection(SolutionConfigurationPlatforms) = preSolution
		Debug|Any CPU = Debug|Any CPU
		Release|Any CPU = Release|Any CPU
	EndGlobalSection
	GlobalSection(ProjectConfigurationPlatforms) = postSolution
		{8F7EDADA-3E08-43C5-A1EB-1785467E731A}.Debug|Any CPU.ActiveCfg = Debug|Any CPU
		{8F7EDADA-3E08-43C5-A1EB-1785467E731A}.Debug|Any CPU.Build.0 = Debug|Any CPU
		{8F7EDADA-3E08-43C5-A1EB-1785467E731A}.Release|Any CPU.ActiveCfg = Release|Any CPU
		{8F7EDADA-3E08-43C5-A1EB-1785467E731A}.Release|Any CPU.Build.0 = Release|Any CPU
	EndGlobalSection
	GlobalSection(SolutionProperties) = preSolution
		HideSolutionNode = FALSE
	EndGlobalSection
	GlobalSection(ExtensibilityGlobals) = postSolution
		SolutionGuid = {F40F3C1B-3985-447A-9B8E-B2CA6D1C00EC}
	EndGlobalSection
EndGlobal
